// !$*UTF8*$!
{
	archiveVersion = 1;
	classes = {
	};
	objectVersion = 46;
	objects = {

/* Begin PBXBuildFile section */
		198ED73A1CD0E7010002EB0F /* AppDelegate.swift in Sources */ = {isa = PBXBuildFile; fileRef = 198ED7391CD0E7010002EB0F /* AppDelegate.swift */; };
		198ED73C1CD0E7010002EB0F /* ViewController.swift in Sources */ = {isa = PBXBuildFile; fileRef = 198ED73B1CD0E7010002EB0F /* ViewController.swift */; };
		198ED73F1CD0E7010002EB0F /* Main.storyboard in Resources */ = {isa = PBXBuildFile; fileRef = 198ED73D1CD0E7010002EB0F /* Main.storyboard */; };
		198ED7411CD0E7010002EB0F /* Assets.xcassets in Resources */ = {isa = PBXBuildFile; fileRef = 198ED7401CD0E7010002EB0F /* Assets.xcassets */; };
		198ED7441CD0E7010002EB0F /* LaunchScreen.storyboard in Resources */ = {isa = PBXBuildFile; fileRef = 198ED7421CD0E7010002EB0F /* LaunchScreen.storyboard */; };
		198ED74C1CD0E8F80002EB0F /* mfpclient.plist in Resources */ = {isa = PBXBuildFile; fileRef = 198ED74B1CD0E8F80002EB0F /* mfpclient.plist */; };
		198ED74E1CD0EE990002EB0F /* LoginViewController.swift in Sources */ = {isa = PBXBuildFile; fileRef = 198ED74D1CD0EE990002EB0F /* LoginViewController.swift */; };
		198ED7501CD0EF290002EB0F /* DataPowerChallengeHandler.swift in Sources */ = {isa = PBXBuildFile; fileRef = 198ED74F1CD0EF290002EB0F /* DataPowerChallengeHandler.swift */; };
		198ED7521CD0F18B0002EB0F /* NSNotificationCenterKeys.swift in Sources */ = {isa = PBXBuildFile; fileRef = 198ED7511CD0F18B0002EB0F /* NSNotificationCenterKeys.swift */; };
		610882BAD566AEF1151D5AA6 /* Pods_DataPowerSwift.framework in Frameworks */ = {isa = PBXBuildFile; fileRef = 8BBF495AB7A2D9BB7829922B /* Pods_DataPowerSwift.framework */; };
/* End PBXBuildFile section */

/* Begin PBXFileReference section */
		198ED7361CD0E7010002EB0F /* DataPowerSwift.app */ = {isa = PBXFileReference; explicitFileType = wrapper.application; includeInIndex = 0; path = DataPowerSwift.app; sourceTree = BUILT_PRODUCTS_DIR; };
		198ED7391CD0E7010002EB0F /* AppDelegate.swift */ = {isa = PBXFileReference; lastKnownFileType = sourcecode.swift; path = AppDelegate.swift; sourceTree = "<group>"; };
		198ED73B1CD0E7010002EB0F /* ViewController.swift */ = {isa = PBXFileReference; lastKnownFileType = sourcecode.swift; path = ViewController.swift; sourceTree = "<group>"; };
		198ED73E1CD0E7010002EB0F /* Base */ = {isa = PBXFileReference; lastKnownFileType = file.storyboard; name = Base; path = Base.lproj/Main.storyboard; sourceTree = "<group>"; };
		198ED7401CD0E7010002EB0F /* Assets.xcassets */ = {isa = PBXFileReference; lastKnownFileType = folder.assetcatalog; path = Assets.xcassets; sourceTree = "<group>"; };
		198ED7431CD0E7010002EB0F /* Base */ = {isa = PBXFileReference; lastKnownFileType = file.storyboard; name = Base; path = Base.lproj/LaunchScreen.storyboard; sourceTree = "<group>"; };
		198ED7451CD0E7010002EB0F /* Info.plist */ = {isa = PBXFileReference; lastKnownFileType = text.plist.xml; path = Info.plist; sourceTree = "<group>"; };
		198ED74B1CD0E8F80002EB0F /* mfpclient.plist */ = {isa = PBXFileReference; fileEncoding = 4; lastKnownFileType = text.plist.xml; path = mfpclient.plist; sourceTree = "<group>"; };
		198ED74D1CD0EE990002EB0F /* LoginViewController.swift */ = {isa = PBXFileReference; fileEncoding = 4; lastKnownFileType = sourcecode.swift; path = LoginViewController.swift; sourceTree = "<group>"; };
		198ED74F1CD0EF290002EB0F /* DataPowerChallengeHandler.swift */ = {isa = PBXFileReference; fileEncoding = 4; lastKnownFileType = sourcecode.swift; path = DataPowerChallengeHandler.swift; sourceTree = "<group>"; };
		198ED7511CD0F18B0002EB0F /* NSNotificationCenterKeys.swift */ = {isa = PBXFileReference; fileEncoding = 4; lastKnownFileType = sourcecode.swift; path = NSNotificationCenterKeys.swift; sourceTree = "<group>"; };
		8BBF495AB7A2D9BB7829922B /* Pods_DataPowerSwift.framework */ = {isa = PBXFileReference; explicitFileType = wrapper.framework; includeInIndex = 0; path = Pods_DataPowerSwift.framework; sourceTree = BUILT_PRODUCTS_DIR; };
		B7F7D263BD1EA956B62B8976 /* Pods-DataPowerSwift.debug.xcconfig */ = {isa = PBXFileReference; includeInIndex = 1; lastKnownFileType = text.xcconfig; name = "Pods-DataPowerSwift.debug.xcconfig"; path = "Pods/Target Support Files/Pods-DataPowerSwift/Pods-DataPowerSwift.debug.xcconfig"; sourceTree = "<group>"; };
		C7AC8F90FA79F3852A6D2F1B /* Pods-DataPowerSwift.release.xcconfig */ = {isa = PBXFileReference; includeInIndex = 1; lastKnownFileType = text.xcconfig; name = "Pods-DataPowerSwift.release.xcconfig"; path = "Pods/Target Support Files/Pods-DataPowerSwift/Pods-DataPowerSwift.release.xcconfig"; sourceTree = "<group>"; };
/* End PBXFileReference section */

/* Begin PBXFrameworksBuildPhase section */
		198ED7331CD0E7010002EB0F /* Frameworks */ = {
			isa = PBXFrameworksBuildPhase;
			buildActionMask = 2147483647;
			files = (
				610882BAD566AEF1151D5AA6 /* Pods_DataPowerSwift.framework in Frameworks */,
			);
			runOnlyForDeploymentPostprocessing = 0;
		};
/* End PBXFrameworksBuildPhase section */

/* Begin PBXGroup section */
		198ED72D1CD0E7010002EB0F = {
			isa = PBXGroup;
			children = (
				198ED74B1CD0E8F80002EB0F /* mfpclient.plist */,
				198ED7381CD0E7010002EB0F /* DataPowerSwift */,
				198ED7371CD0E7010002EB0F /* Products */,
				D32D68DDB87BF8697F79CD23 /* Pods */,
				EC2B9F4BE53C9B0D291D68CD /* Frameworks */,
			);
			sourceTree = "<group>";
		};
		198ED7371CD0E7010002EB0F /* Products */ = {
			isa = PBXGroup;
			children = (
				198ED7361CD0E7010002EB0F /* DataPowerSwift.app */,
			);
			name = Products;
			sourceTree = "<group>";
		};
		198ED7381CD0E7010002EB0F /* DataPowerSwift */ = {
			isa = PBXGroup;
			children = (
				198ED7391CD0E7010002EB0F /* AppDelegate.swift */,
				198ED73B1CD0E7010002EB0F /* ViewController.swift */,
				198ED73D1CD0E7010002EB0F /* Main.storyboard */,
				198ED7401CD0E7010002EB0F /* Assets.xcassets */,
				198ED7421CD0E7010002EB0F /* LaunchScreen.storyboard */,
				198ED7451CD0E7010002EB0F /* Info.plist */,
				198ED74D1CD0EE990002EB0F /* LoginViewController.swift */,
				198ED74F1CD0EF290002EB0F /* DataPowerChallengeHandler.swift */,
				198ED7511CD0F18B0002EB0F /* NSNotificationCenterKeys.swift */,
			);
			path = DataPowerSwift;
			sourceTree = "<group>";
		};
		D32D68DDB87BF8697F79CD23 /* Pods */ = {
			isa = PBXGroup;
			children = (
				B7F7D263BD1EA956B62B8976 /* Pods-DataPowerSwift.debug.xcconfig */,
				C7AC8F90FA79F3852A6D2F1B /* Pods-DataPowerSwift.release.xcconfig */,
			);
			name = Pods;
			sourceTree = "<group>";
		};
		EC2B9F4BE53C9B0D291D68CD /* Frameworks */ = {
			isa = PBXGroup;
			children = (
				8BBF495AB7A2D9BB7829922B /* Pods_DataPowerSwift.framework */,
			);
			name = Frameworks;
			sourceTree = "<group>";
		};
/* End PBXGroup section */

/* Begin PBXNativeTarget section */
		198ED7351CD0E7010002EB0F /* DataPowerSwift */ = {
			isa = PBXNativeTarget;
			buildConfigurationList = 198ED7481CD0E7010002EB0F /* Build configuration list for PBXNativeTarget "DataPowerSwift" */;
			buildPhases = (
				4861964BE7696BCA5DAE8E01 /* Check Pods Manifest.lock */,
				198ED7321CD0E7010002EB0F /* Sources */,
				198ED7331CD0E7010002EB0F /* Frameworks */,
				198ED7341CD0E7010002EB0F /* Resources */,
				CBFB9E7C8FFF2095AEB4DAD8 /* Embed Pods Frameworks */,
				4BA5B8B22A9142B077C2ACFC /* Copy Pods Resources */,
			);
			buildRules = (
			);
			dependencies = (
			);
			name = DataPowerSwift;
			productName = DataPowerSwift;
			productReference = 198ED7361CD0E7010002EB0F /* DataPowerSwift.app */;
			productType = "com.apple.product-type.application";
		};
/* End PBXNativeTarget section */

/* Begin PBXProject section */
		198ED72E1CD0E7010002EB0F /* Project object */ = {
			isa = PBXProject;
			attributes = {
				LastSwiftUpdateCheck = 0730;
				LastUpgradeCheck = 0730;
				ORGANIZATIONNAME = "Nathan Hazout";
				TargetAttributes = {
					198ED7351CD0E7010002EB0F = {
						CreatedOnToolsVersion = 7.3;
					};
				};
			};
			buildConfigurationList = 198ED7311CD0E7010002EB0F /* Build configuration list for PBXProject "DataPowerSwift" */;
			compatibilityVersion = "Xcode 3.2";
			developmentRegion = English;
			hasScannedForEncodings = 0;
			knownRegions = (
				en,
				Base,
			);
			mainGroup = 198ED72D1CD0E7010002EB0F;
			productRefGroup = 198ED7371CD0E7010002EB0F /* Products */;
			projectDirPath = "";
			projectRoot = "";
			targets = (
				198ED7351CD0E7010002EB0F /* DataPowerSwift */,
			);
		};
/* End PBXProject section */

/* Begin PBXResourcesBuildPhase section */
		198ED7341CD0E7010002EB0F /* Resources */ = {
			isa = PBXResourcesBuildPhase;
			buildActionMask = 2147483647;
			files = (
				198ED7441CD0E7010002EB0F /* LaunchScreen.storyboard in Resources */,
				198ED7411CD0E7010002EB0F /* Assets.xcassets in Resources */,
				198ED73F1CD0E7010002EB0F /* Main.storyboard in Resources */,
				198ED74C1CD0E8F80002EB0F /* mfpclient.plist in Resources */,
			);
			runOnlyForDeploymentPostprocessing = 0;
		};
/* End PBXResourcesBuildPhase section */

/* Begin PBXShellScriptBuildPhase section */
		4861964BE7696BCA5DAE8E01 /* Check Pods Manifest.lock */ = {
			isa = PBXShellScriptBuildPhase;
			buildActionMask = 2147483647;
			files = (
			);
			inputPaths = (
			);
			name = "Check Pods Manifest.lock";
			outputPaths = (
			);
			runOnlyForDeploymentPostprocessing = 0;
			shellPath = /bin/sh;
			shellScript = "diff \"${PODS_ROOT}/../Podfile.lock\" \"${PODS_ROOT}/Manifest.lock\" > /dev/null\nif [[ $? != 0 ]] ; then\n    cat << EOM\nerror: The sandbox is not in sync with the Podfile.lock. Run 'pod install' or update your CocoaPods installation.\nEOM\n    exit 1\nfi\n";
			showEnvVarsInLog = 0;
		};
		4BA5B8B22A9142B077C2ACFC /* Copy Pods Resources */ = {
			isa = PBXShellScriptBuildPhase;
			buildActionMask = 2147483647;
			files = (
			);
			inputPaths = (
			);
			name = "Copy Pods Resources";
			outputPaths = (
			);
			runOnlyForDeploymentPostprocessing = 0;
			shellPath = /bin/sh;
			shellScript = "\"${SRCROOT}/Pods/Target Support Files/Pods-DataPowerSwift/Pods-DataPowerSwift-resources.sh\"\n";
			showEnvVarsInLog = 0;
		};
		CBFB9E7C8FFF2095AEB4DAD8 /* Embed Pods Frameworks */ = {
			isa = PBXShellScriptBuildPhase;
			buildActionMask = 2147483647;
			files = (
			);
			inputPaths = (
			);
			name = "Embed Pods Frameworks";
			outputPaths = (
			);
			runOnlyForDeploymentPostprocessing = 0;
			shellPath = /bin/sh;
			shellScript = "\"${SRCROOT}/Pods/Target Support Files/Pods-DataPowerSwift/Pods-DataPowerSwift-frameworks.sh\"\n";
			showEnvVarsInLog = 0;
		};
/* End PBXShellScriptBuildPhase section */

/* Begin PBXSourcesBuildPhase section */
		198ED7321CD0E7010002EB0F /* Sources */ = {
			isa = PBXSourcesBuildPhase;
			buildActionMask = 2147483647;
			files = (
				198ED74E1CD0EE990002EB0F /* LoginViewController.swift in Sources */,
				198ED7521CD0F18B0002EB0F /* NSNotificationCenterKeys.swift in Sources */,
				198ED73C1CD0E7010002EB0F /* ViewController.swift in Sources */,
				198ED7501CD0EF290002EB0F /* DataPowerChallengeHandler.swift in Sources */,
				198ED73A1CD0E7010002EB0F /* AppDelegate.swift in Sources */,
			);
			runOnlyForDeploymentPostprocessing = 0;
		};
/* End PBXSourcesBuildPhase section */

/* Begin PBXVariantGroup section */
		198ED73D1CD0E7010002EB0F /* Main.storyboard */ = {
			isa = PBXVariantGroup;
			children = (
				198ED73E1CD0E7010002EB0F /* Base */,
			);
			name = Main.storyboard;
			sourceTree = "<group>";
		};
		198ED7421CD0E7010002EB0F /* LaunchScreen.storyboard */ = {
			isa = PBXVariantGroup;
			children = (
				198ED7431CD0E7010002EB0F /* Base */,
			);
			name = LaunchScreen.storyboard;
			sourceTree = "<group>";
		};
/* End PBXVariantGroup section */

/* Begin XCBuildConfiguration section */
		198ED7461CD0E7010002EB0F /* Debug */ = {
			isa = XCBuildConfiguration;
			buildSettings = {
				ALWAYS_SEARCH_USER_PATHS = NO;
				CLANG_ANALYZER_NONNULL = YES;
				CLANG_CXX_LANGUAGE_STANDARD = "gnu++0x";
				CLANG_CXX_LIBRARY = "libc++";
				CLANG_ENABLE_MODULES = YES;
				CLANG_ENABLE_OBJC_ARC = YES;
				CLANG_WARN_BOOL_CONVERSION = YES;
				CLANG_WARN_CONSTANT_CONVERSION = YES;
				CLANG_WARN_DIRECT_OBJC_ISA_USAGE = YES_ERROR;
				CLANG_WARN_EMPTY_BODY = YES;
				CLANG_WARN_ENUM_CONVERSION = YES;
				CLANG_WARN_INT_CONVERSION = YES;
				CLANG_WARN_OBJC_ROOT_CLASS = YES_ERROR;
				CLANG_WARN_UNREACHABLE_CODE = YES;
				CLANG_WARN__DUPLICATE_METHOD_MATCH = YES;
				"CODE_SIGN_IDENTITY[sdk=iphoneos*]" = "iPhone Developer";
				COPY_PHASE_STRIP = NO;
				DEBUG_INFORMATION_FORMAT = dwarf;
				ENABLE_STRICT_OBJC_MSGSEND = YES;
				ENABLE_TESTABILITY = YES;
				GCC_C_LANGUAGE_STANDARD = gnu99;
				GCC_DYNAMIC_NO_PIC = NO;
				GCC_NO_COMMON_BLOCKS = YES;
				GCC_OPTIMIZATION_LEVEL = 0;
				GCC_PREPROCESSOR_DEFINITIONS = (
					"DEBUG=1",
					"$(inherited)",
				);
				GCC_WARN_64_TO_32_BIT_CONVERSION = YES;
				GCC_WARN_ABOUT_RETURN_TYPE = YES_ERROR;
				GCC_WARN_UNDECLARED_SELECTOR = YES;
				GCC_WARN_UNINITIALIZED_AUTOS = YES_AGGRESSIVE;
				GCC_WARN_UNUSED_FUNCTION = YES;
				GCC_WARN_UNUSED_VARIABLE = YES;
				IPHONEOS_DEPLOYMENT_TARGET = 9.3;
				MTL_ENABLE_DEBUG_INFO = YES;
				ONLY_ACTIVE_ARCH = YES;
				SDKROOT = iphoneos;
				SWIFT_OPTIMIZATION_LEVEL = "-Onone";
				TARGETED_DEVICE_FAMILY = "1,2";
			};
			name = Debug;
		};
		198ED7471CD0E7010002EB0F /* Release */ = {
			isa = XCBuildConfiguration;
			buildSettings = {
				ALWAYS_SEARCH_USER_PATHS = NO;
				CLANG_ANALYZER_NONNULL = YES;
				CLANG_CXX_LANGUAGE_STANDARD = "gnu++0x";
				CLANG_CXX_LIBRARY = "libc++";
				CLANG_ENABLE_MODULES = YES;
				CLANG_ENABLE_OBJC_ARC = YES;
				CLANG_WARN_BOOL_CONVERSION = YES;
				CLANG_WARN_CONSTANT_CONVERSION = YES;
				CLANG_WARN_DIRECT_OBJC_ISA_USAGE = YES_ERROR;
				CLANG_WARN_EMPTY_BODY = YES;
				CLANG_WARN_ENUM_CONVERSION = YES;
				CLANG_WARN_INT_CONVERSION = YES;
				CLANG_WARN_OBJC_ROOT_CLASS = YES_ERROR;
				CLANG_WARN_UNREACHABLE_CODE = YES;
				CLANG_WARN__DUPLICATE_METHOD_MATCH = YES;
				"CODE_SIGN_IDENTITY[sdk=iphoneos*]" = "iPhone Developer";
				COPY_PHASE_STRIP = NO;
				DEBUG_INFORMATION_FORMAT = "dwarf-with-dsym";
				ENABLE_NS_ASSERTIONS = NO;
				ENABLE_STRICT_OBJC_MSGSEND = YES;
				GCC_C_LANGUAGE_STANDARD = gnu99;
				GCC_NO_COMMON_BLOCKS = YES;
				GCC_WARN_64_TO_32_BIT_CONVERSION = YES;
				GCC_WARN_ABOUT_RETURN_TYPE = YES_ERROR;
				GCC_WARN_UNDECLARED_SELECTOR = YES;
				GCC_WARN_UNINITIALIZED_AUTOS = YES_AGGRESSIVE;
				GCC_WARN_UNUSED_FUNCTION = YES;
				GCC_WARN_UNUSED_VARIABLE = YES;
				IPHONEOS_DEPLOYMENT_TARGET = 9.3;
				MTL_ENABLE_DEBUG_INFO = NO;
				SDKROOT = iphoneos;
				TARGETED_DEVICE_FAMILY = "1,2";
				VALIDATE_PRODUCT = YES;
			};
			name = Release;
		};
		198ED7491CD0E7010002EB0F /* Debug */ = {
			isa = XCBuildConfiguration;
			baseConfigurationReference = B7F7D263BD1EA956B62B8976 /* Pods-DataPowerSwift.debug.xcconfig */;
			buildSettings = {
				ASSETCATALOG_COMPILER_APPICON_NAME = AppIcon;
				INFOPLIST_FILE = DataPowerSwift/Info.plist;
				LD_RUNPATH_SEARCH_PATHS = "$(inherited) @executable_path/Frameworks";
				PRODUCT_BUNDLE_IDENTIFIER = com.sample.DataPowerSwift;
				PRODUCT_NAME = "$(TARGET_NAME)";
			};
			name = Debug;
		};
		198ED74A1CD0E7010002EB0F /* Release */ = {
			isa = XCBuildConfiguration;
			baseConfigurationReference = C7AC8F90FA79F3852A6D2F1B /* Pods-DataPowerSwift.release.xcconfig */;
			buildSettings = {
				ASSETCATALOG_COMPILER_APPICON_NAME = AppIcon;
				INFOPLIST_FILE = DataPowerSwift/Info.plist;
				LD_RUNPATH_SEARCH_PATHS = "$(inherited) @executable_path/Frameworks";
				PRODUCT_BUNDLE_IDENTIFIER = com.sample.DataPowerSwift;
				PRODUCT_NAME = "$(TARGET_NAME)";
			};
			name = Release;
		};
/* End XCBuildConfiguration section */

/* Begin XCConfigurationList section */
		198ED7311CD0E7010002EB0F /* Build configuration list for PBXProject "DataPowerSwift" */ = {
			isa = XCConfigurationList;
			buildConfigurations = (
				198ED7461CD0E7010002EB0F /* Debug */,
				198ED7471CD0E7010002EB0F /* Release */,
			);
			defaultConfigurationIsVisible = 0;
			defaultConfigurationName = Release;
		};
		198ED7481CD0E7010002EB0F /* Build configuration list for PBXNativeTarget "DataPowerSwift" */ = {
			isa = XCConfigurationList;
			buildConfigurations = (
				198ED7491CD0E7010002EB0F /* Debug */,
				198ED74A1CD0E7010002EB0F /* Release */,
			);
			defaultConfigurationIsVisible = 0;
			defaultConfigurationName = Release;
		};
/* End XCConfigurationList section */
	};
	rootObject = 198ED72E1CD0E7010002EB0F /* Project object */;
}
